
Microsoft Visual Studio Solution File, Format Version 12.00
# Visual Studio Version 17
VisualStudioVersion = 17.0.31903.59
MinimumVisualStudioVersion = 10.0.40219.1
Project("{FAE04EC0-301F-11D3-BF4B-00C04F79EFBC}") = "OrderCreation.Api", "src\OrderCreation.Api\OrderCreation.Api.csproj", "{77BB17D6-5775-4BDF-85E2-35852D620834}"
EndProject
Project("{FAE04EC0-301F-11D3-BF4B-00C04F79EFBC}") = "OrderRealtime.Api", "src\OrderRealtime.Api\OrderRealtime.Api.csproj", "{094C48B7-79B2-49C4-B5EC-516F42B70BE8}"
EndProject
Global
	GlobalSection(SolutionConfigurationPlatforms) = preSolution
		Debug|Any CPU = Debug|Any CPU
		Release|Any CPU = Release|Any CPU
	EndGlobalSection
	GlobalSection(ProjectConfigurationPlatforms) = postSolution
		{77BB17D6-5775-4BDF-85E2-35852D620834}.Debug|Any CPU.ActiveCfg = Debug|Any CPU
		{77BB17D6-5775-4BDF-85E2-35852D620834}.Debug|Any CPU.Build.0 = Debug|Any CPU
		{77BB17D6-5775-4BDF-85E2-35852D620834}.Release|Any CPU.ActiveCfg = Release|Any CPU
		{77BB17D6-5775-4BDF-85E2-35852D620834}.Release|Any CPU.Build.0 = Release|Any CPU
		{094C48B7-79B2-49C4-B5EC-516F42B70BE8}.Debug|Any CPU.ActiveCfg = Debug|Any CPU
		{094C48B7-79B2-49C4-B5EC-516F42B70BE8}.Debug|Any CPU.Build.0 = Debug|Any CPU
		{094C48B7-79B2-49C4-B5EC-516F42B70BE8}.Release|Any CPU.ActiveCfg = Release|Any CPU
		{094C48B7-79B2-49C4-B5EC-516F42B70BE8}.Release|Any CPU.Build.0 = Release|Any CPU
	EndGlobalSection
EndGlobal
